
Microsoft Visual Studio Solution File, Format Version 12.00
# Visual Studio Version 17
VisualStudioVersion = 17.0.31919.166
MinimumVisualStudioVersion = 10.0.40219.1
Project("{FAE04EC0-301F-11D3-BF4B-00C04F79EFBC}") = "GestionePrezzi", "GestionePrezzi\GestionePrezzi.csproj", "{43292998-053C-43E1-8597-6A0E126B0DD6}"
EndProject
Project("{2150E333-8FDC-42A3-9474-1A3956D46DE8}") = "RJControls", "RJControls", "{8ABF9F21-F26D-4CCA-8E9F-EC4B341A88EC}"
	ProjectSection(SolutionItems) = preProject
		GestionePrezzi\RJtextBox.cs = GestionePrezzi\RJtextBox.cs
		GestionePrezzi\RJtextBox.Designer.cs = GestionePrezzi\RJtextBox.Designer.cs
		GestionePrezzi\RJtextBox.resx = GestionePrezzi\RJtextBox.resx
	EndProjectSection
EndProject
Project("{FAE04EC0-301F-11D3-BF4B-00C04F79EFBC}") = "GestionePrezziCore", "GestionePrezziCore\GestionePrezziCore.csproj", "{39803049-98A3-4F4F-B5C6-7610F132F1CF}"
EndProject
Global
	GlobalSection(SolutionConfigurationPlatforms) = preSolution
		Debug|Any CPU = Debug|Any CPU
		Release|Any CPU = Release|Any CPU
	EndGlobalSection
	GlobalSection(ProjectConfigurationPlatforms) = postSolution
		{43292998-053C-43E1-8597-6A0E126B0DD6}.Debug|Any CPU.ActiveCfg = Debug|Any CPU
		{43292998-053C-43E1-8597-6A0E126B0DD6}.Debug|Any CPU.Build.0 = Debug|Any CPU
		{43292998-053C-43E1-8597-6A0E126B0DD6}.Release|Any CPU.ActiveCfg = Release|Any CPU
		{43292998-053C-43E1-8597-6A0E126B0DD6}.Release|Any CPU.Build.0 = Release|Any CPU
		{39803049-98A3-4F4F-B5C6-7610F132F1CF}.Debug|Any CPU.ActiveCfg = Debug|Any CPU
		{39803049-98A3-4F4F-B5C6-7610F132F1CF}.Debug|Any CPU.Build.0 = Debug|Any CPU
		{39803049-98A3-4F4F-B5C6-7610F132F1CF}.Release|Any CPU.ActiveCfg = Release|Any CPU
		{39803049-98A3-4F4F-B5C6-7610F132F1CF}.Release|Any CPU.Build.0 = Release|Any CPU
	EndGlobalSection
	GlobalSection(SolutionProperties) = preSolution
		HideSolutionNode = FALSE
	EndGlobalSection
	GlobalSection(ExtensibilityGlobals) = postSolution
		SolutionGuid = {CFCB335D-6C93-4A33-B7C7-C525502C9DE3}
	EndGlobalSection
EndGlobal
